
Microsoft Visual Studio Solution File, Format Version 12.00
# Visual Studio Version 16
VisualStudioVersion = 16.0.29509.3
MinimumVisualStudioVersion = 10.0.40219.1
Project("{FAE04EC0-301F-11D3-BF4B-00C04F79EFBC}") = "teestee", "teestee\teestee.csproj", "{87DF8C75-9390-40D4-9D13-EE6D53C21EFD}"
EndProject
Global
	GlobalSection(SolutionConfigurationPlatforms) = preSolution
		Debug|Any CPU = Debug|Any CPU
		Release|Any CPU = Release|Any CPU
	EndGlobalSection
	GlobalSection(ProjectConfigurationPlatforms) = postSolution
		{87DF8C75-9390-40D4-9D13-EE6D53C21EFD}.Debug|Any CPU.ActiveCfg = Debug|Any CPU
		{87DF8C75-9390-40D4-9D13-EE6D53C21EFD}.Debug|Any CPU.Build.0 = Debug|Any CPU
		{87DF8C75-9390-40D4-9D13-EE6D53C21EFD}.Release|Any CPU.ActiveCfg = Release|Any CPU
		{87DF8C75-9390-40D4-9D13-EE6D53C21EFD}.Release|Any CPU.Build.0 = Release|Any CPU
	EndGlobalSection
	GlobalSection(SolutionProperties) = preSolution
		HideSolutionNode = FALSE
	EndGlobalSection
	GlobalSection(ExtensibilityGlobals) = postSolution
		SolutionGuid = {7DC0E6BE-E2B2-4818-90B6-6C403D74A426}
	EndGlobalSection
EndGlobal
